
Microsoft Visual Studio Solution File, Format Version 12.00
# Visual Studio Version 17
VisualStudioVersion = 17.6.33723.286
MinimumVisualStudioVersion = 10.0.40219.1
Project("{FAE04EC0-301F-11D3-BF4B-00C04F79EFBC}") = "MVC_2022", "MVC_2022\MVC_2022.csproj", "{DB85DB9F-D585-4F15-8198-AB2B7216B8A4}"
EndProject
Global
	GlobalSection(SolutionConfigurationPlatforms) = preSolution
		Debug|Any CPU = Debug|Any CPU
		Release|Any CPU = Release|Any CPU
	EndGlobalSection
	GlobalSection(ProjectConfigurationPlatforms) = postSolution
		{DB85DB9F-D585-4F15-8198-AB2B7216B8A4}.Debug|Any CPU.ActiveCfg = Debug|Any CPU
		{DB85DB9F-D585-4F15-8198-AB2B7216B8A4}.Debug|Any CPU.Build.0 = Debug|Any CPU
		{DB85DB9F-D585-4F15-8198-AB2B7216B8A4}.Release|Any CPU.ActiveCfg = Release|Any CPU
		{DB85DB9F-D585-4F15-8198-AB2B7216B8A4}.Release|Any CPU.Build.0 = Release|Any CPU
	EndGlobalSection
	GlobalSection(SolutionProperties) = preSolution
		HideSolutionNode = FALSE
	EndGlobalSection
	GlobalSection(ExtensibilityGlobals) = postSolution
		SolutionGuid = {CD54FDE4-36B7-482D-AFF9-183D59FC1F24}
	EndGlobalSection
EndGlobal
